
Microsoft Visual Studio Solution File, Format Version 12.00
# Visual Studio Version 17
VisualStudioVersion = 17.14.36518.9 d17.14
MinimumVisualStudioVersion = 10.0.40219.1
Project("{FAE04EC0-301F-11D3-BF4B-00C04F79EFBC}") = "2d shape clicker project", "2d shape clicker project\2d shape clicker project.csproj", "{67AD49CB-AF65-48B8-95BB-A5CCDC847978}"
EndProject
Global
	GlobalSection(SolutionConfigurationPlatforms) = preSolution
		Debug|Any CPU = Debug|Any CPU
		Release|Any CPU = Release|Any CPU
	EndGlobalSection
	GlobalSection(ProjectConfigurationPlatforms) = postSolution
		{67AD49CB-AF65-48B8-95BB-A5CCDC847978}.Debug|Any CPU.ActiveCfg = Debug|Any CPU
		{67AD49CB-AF65-48B8-95BB-A5CCDC847978}.Debug|Any CPU.Build.0 = Debug|Any CPU
		{67AD49CB-AF65-48B8-95BB-A5CCDC847978}.Release|Any CPU.ActiveCfg = Release|Any CPU
		{67AD49CB-AF65-48B8-95BB-A5CCDC847978}.Release|Any CPU.Build.0 = Release|Any CPU
	EndGlobalSection
	GlobalSection(SolutionProperties) = preSolution
		HideSolutionNode = FALSE
	EndGlobalSection
	GlobalSection(ExtensibilityGlobals) = postSolution
		SolutionGuid = {042D48A3-ED92-4D59-9DB6-CC187D7B849A}
	EndGlobalSection
EndGlobal
